// !$*UTF8*$!
{
	archiveVersion = 1;
	classes = {
	};
	objectVersion = 51;
	objects = {

/* Begin PBXBuildFile section */
		314C8C7AA4D41AF579496DB9 /* Pods_ExerciseApp.framework in Frameworks */ = {isa = PBXBuildFile; fileRef = 81B54F601E52649F4C85C6F1 /* Pods_ExerciseApp.framework */; };
		8B26964325E5CED200DB1F64 /* SigninVC.swift in Sources */ = {isa = PBXBuildFile; fileRef = 8B26964125E5CED200DB1F64 /* SigninVC.swift */; };
		8B26964425E5CED200DB1F64 /* SignupAlertVC.swift in Sources */ = {isa = PBXBuildFile; fileRef = 8B26964225E5CED200DB1F64 /* SignupAlertVC.swift */; };
		8B26965025E5E48D00DB1F64 /* HomeVC.swift in Sources */ = {isa = PBXBuildFile; fileRef = 8B26964F25E5E48D00DB1F64 /* HomeVC.swift */; };
		8B26965325E5E4DF00DB1F64 /* AddRepsVC.swift in Sources */ = {isa = PBXBuildFile; fileRef = 8B26965225E5E4DF00DB1F64 /* AddRepsVC.swift */; };
		8B26965825E5EFA700DB1F64 /* ExerciseCVCell.swift in Sources */ = {isa = PBXBuildFile; fileRef = 8B26965725E5EFA700DB1F64 /* ExerciseCVCell.swift */; };
		8B26965C25E5F11700DB1F64 /* DropShadowView.swift in Sources */ = {isa = PBXBuildFile; fileRef = 8B26965B25E5F11700DB1F64 /* DropShadowView.swift */; };
		8B26965F25E699B700DB1F64 /* iOSDropDown.swift in Sources */ = {isa = PBXBuildFile; fileRef = 8B26965E25E699B700DB1F64 /* iOSDropDown.swift */; };
		8B26966825E6CE6F00DB1F64 /* HorizontalPaginationManager.swift in Sources */ = {isa = PBXBuildFile; fileRef = 8B26966725E6CE6F00DB1F64 /* HorizontalPaginationManager.swift */; };
		8B26966B25E6E2DE00DB1F64 /* SettingsVC.swift in Sources */ = {isa = PBXBuildFile; fileRef = 8B26966A25E6E2DE00DB1F64 /* SettingsVC.swift */; };
		8B26966E25E6E50E00DB1F64 /* ProfileVC.swift in Sources */ = {isa = PBXBuildFile; fileRef = 8B26966D25E6E50E00DB1F64 /* ProfileVC.swift */; };
		8B26969025E72F3200DB1F64 /* ExerciseHistoryVC.swift in Sources */ = {isa = PBXBuildFile; fileRef = 8B26968F25E72F3200DB1F64 /* ExerciseHistoryVC.swift */; };
		8B26969425E7338900DB1F64 /* HistoryContainerTVCell.swift in Sources */ = {isa = PBXBuildFile; fileRef = 8B26969325E7338900DB1F64 /* HistoryContainerTVCell.swift */; };
		8B26969825E733A400DB1F64 /* HistoryTVCell.swift in Sources */ = {isa = PBXBuildFile; fileRef = 8B26969725E733A400DB1F64 /* HistoryTVCell.swift */; };
		8B26969C25E7485E00DB1F64 /* HeaderCell.swift in Sources */ = {isa = PBXBuildFile; fileRef = 8B26969A25E7485E00DB1F64 /* HeaderCell.swift */; };
		8B26969D25E7485E00DB1F64 /* HeaderCell.xib in Resources */ = {isa = PBXBuildFile; fileRef = 8B26969B25E7485E00DB1F64 /* HeaderCell.xib */; };
		8B26970125E7D36000DB1F64 /* HistoryModel.swift in Sources */ = {isa = PBXBuildFile; fileRef = 8B26970025E7D36000DB1F64 /* HistoryModel.swift */; };
		8B524F3F25E5A03B008E313C /* AppDelegate.swift in Sources */ = {isa = PBXBuildFile; fileRef = 8B524F3E25E5A03B008E313C /* AppDelegate.swift */; };
		8B524F4125E5A03B008E313C /* SceneDelegate.swift in Sources */ = {isa = PBXBuildFile; fileRef = 8B524F4025E5A03B008E313C /* SceneDelegate.swift */; };
		8B524F4325E5A03B008E313C /* ViewController.swift in Sources */ = {isa = PBXBuildFile; fileRef = 8B524F4225E5A03B008E313C /* ViewController.swift */; };
		8B524F4625E5A03B008E313C /* Main.storyboard in Resources */ = {isa = PBXBuildFile; fileRef = 8B524F4425E5A03B008E313C /* Main.storyboard */; };
		8B524F4B25E5A04B008E313C /* LaunchScreen.storyboard in Resources */ = {isa = PBXBuildFile; fileRef = 8B524F4925E5A04B008E313C /* LaunchScreen.storyboard */; };
		8B524F7E25E5A77C008E313C /* Mulish-Light.ttf in Resources */ = {isa = PBXBuildFile; fileRef = 8B524F7825E5A77B008E313C /* Mulish-Light.ttf */; };
		8B524F7F25E5A77C008E313C /* Mulish-Medium.ttf in Resources */ = {isa = PBXBuildFile; fileRef = 8B524F7925E5A77B008E313C /* Mulish-Medium.ttf */; };
		8B524F8025E5A77C008E313C /* Mulish-Regular.ttf in Resources */ = {isa = PBXBuildFile; fileRef = 8B524F7A25E5A77C008E313C /* Mulish-Regular.ttf */; };
		8B524F8125E5A77C008E313C /* Mulish-SemiBold.ttf in Resources */ = {isa = PBXBuildFile; fileRef = 8B524F7B25E5A77C008E313C /* Mulish-SemiBold.ttf */; };
		8B524F8225E5A77C008E313C /* Mulish-ExtraBold.ttf in Resources */ = {isa = PBXBuildFile; fileRef = 8B524F7C25E5A77C008E313C /* Mulish-ExtraBold.ttf */; };
		8B524F8325E5A77C008E313C /* Mulish-Bold.ttf in Resources */ = {isa = PBXBuildFile; fileRef = 8B524F7D25E5A77C008E313C /* Mulish-Bold.ttf */; };
		8B524F8A25E5AC20008E313C /* Assets.xcassets in Resources */ = {isa = PBXBuildFile; fileRef = 8B524F4725E5A04B008E313C /* Assets.xcassets */; };
		8B524FEA25E5B16D008E313C /* MainNav.swift in Sources */ = {isa = PBXBuildFile; fileRef = 8B524FE825E5B16D008E313C /* MainNav.swift */; };
		8B524FEB25E5B16D008E313C /* BaseNavVC.swift in Sources */ = {isa = PBXBuildFile; fileRef = 8B524FE925E5B16D008E313C /* BaseNavVC.swift */; };
		8B524FF625E5B185008E313C /* EquipmentModel.swift in Sources */ = {isa = PBXBuildFile; fileRef = 8B524FEE25E5B185008E313C /* EquipmentModel.swift */; };
		8B524FF725E5B185008E313C /* Exercise.swift in Sources */ = {isa = PBXBuildFile; fileRef = 8B524FEF25E5B185008E313C /* Exercise.swift */; };
		8B524FF825E5B185008E313C /* NoteModel.swift in Sources */ = {isa = PBXBuildFile; fileRef = 8B524FF025E5B185008E313C /* NoteModel.swift */; };
		8B524FF925E5B185008E313C /* ProfileModel.swift in Sources */ = {isa = PBXBuildFile; fileRef = 8B524FF125E5B185008E313C /* ProfileModel.swift */; };
		8B524FFA25E5B185008E313C /* SetsModel.swift in Sources */ = {isa = PBXBuildFile; fileRef = 8B524FF225E5B185008E313C /* SetsModel.swift */; };
		8B524FFB25E5B185008E313C /* TrainerModel.swift in Sources */ = {isa = PBXBuildFile; fileRef = 8B524FF325E5B185008E313C /* TrainerModel.swift */; };
		8B524FFC25E5B185008E313C /* UserInfo.swift in Sources */ = {isa = PBXBuildFile; fileRef = 8B524FF425E5B185008E313C /* UserInfo.swift */; };
		8B524FFD25E5B185008E313C /* WorkoutModel.swift in Sources */ = {isa = PBXBuildFile; fileRef = 8B524FF525E5B185008E313C /* WorkoutModel.swift */; };
		8B52500225E5B18E008E313C /* APIRouter.swift in Sources */ = {isa = PBXBuildFile; fileRef = 8B52500025E5B18E008E313C /* APIRouter.swift */; };
		8B52500325E5B18E008E313C /* ApiService.swift in Sources */ = {isa = PBXBuildFile; fileRef = 8B52500125E5B18E008E313C /* ApiService.swift */; };
		8B52500A25E5B1B9008E313C /* Constants.swift in Sources */ = {isa = PBXBuildFile; fileRef = 8B52500625E5B1B9008E313C /* Constants.swift */; };
		8B52500B25E5B1B9008E313C /* Extension+UITableView.swift in Sources */ = {isa = PBXBuildFile; fileRef = 8B52500725E5B1B9008E313C /* Extension+UITableView.swift */; };
		8B52500C25E5B1B9008E313C /* Extension+UITextField.swift in Sources */ = {isa = PBXBuildFile; fileRef = 8B52500825E5B1B9008E313C /* Extension+UITextField.swift */; };
		8B52500D25E5B1B9008E313C /* extension+viewcontroller.swift in Sources */ = {isa = PBXBuildFile; fileRef = 8B52500925E5B1B9008E313C /* extension+viewcontroller.swift */; };
/* End PBXBuildFile section */

/* Begin PBXFileReference section */
		47D26C86DC54BEB1AF68E75E /* Pods-ExerciseApp.debug.xcconfig */ = {isa = PBXFileReference; includeInIndex = 1; lastKnownFileType = text.xcconfig; name = "Pods-ExerciseApp.debug.xcconfig"; path = "Target Support Files/Pods-ExerciseApp/Pods-ExerciseApp.debug.xcconfig"; sourceTree = "<group>"; };
		81B54F601E52649F4C85C6F1 /* Pods_ExerciseApp.framework */ = {isa = PBXFileReference; explicitFileType = wrapper.framework; includeInIndex = 0; path = Pods_ExerciseApp.framework; sourceTree = BUILT_PRODUCTS_DIR; };
		899D5987FDF2FA9A92AF88BE /* Pods-ExerciseApp.release.xcconfig */ = {isa = PBXFileReference; includeInIndex = 1; lastKnownFileType = text.xcconfig; name = "Pods-ExerciseApp.release.xcconfig"; path = "Target Support Files/Pods-ExerciseApp/Pods-ExerciseApp.release.xcconfig"; sourceTree = "<group>"; };
		8B26964125E5CED200DB1F64 /* SigninVC.swift */ = {isa = PBXFileReference; fileEncoding = 4; lastKnownFileType = sourcecode.swift; path = SigninVC.swift; sourceTree = "<group>"; };
		8B26964225E5CED200DB1F64 /* SignupAlertVC.swift */ = {isa = PBXFileReference; fileEncoding = 4; lastKnownFileType = sourcecode.swift; path = SignupAlertVC.swift; sourceTree = "<group>"; };
		8B26964F25E5E48D00DB1F64 /* HomeVC.swift */ = {isa = PBXFileReference; lastKnownFileType = sourcecode.swift; path = HomeVC.swift; sourceTree = "<group>"; };
		8B26965225E5E4DF00DB1F64 /* AddRepsVC.swift */ = {isa = PBXFileReference; lastKnownFileType = sourcecode.swift; path = AddRepsVC.swift; sourceTree = "<group>"; };
		8B26965725E5EFA700DB1F64 /* ExerciseCVCell.swift */ = {isa = PBXFileReference; lastKnownFileType = sourcecode.swift; path = ExerciseCVCell.swift; sourceTree = "<group>"; };
		8B26965B25E5F11700DB1F64 /* DropShadowView.swift */ = {isa = PBXFileReference; fileEncoding = 4; lastKnownFileType = sourcecode.swift; path = DropShadowView.swift; sourceTree = "<group>"; };
		8B26965E25E699B700DB1F64 /* iOSDropDown.swift */ = {isa = PBXFileReference; fileEncoding = 4; lastKnownFileType = sourcecode.swift; path = iOSDropDown.swift; sourceTree = "<group>"; };
		8B26966725E6CE6F00DB1F64 /* HorizontalPaginationManager.swift */ = {isa = PBXFileReference; fileEncoding = 4; lastKnownFileType = sourcecode.swift; path = HorizontalPaginationManager.swift; sourceTree = "<group>"; };
		8B26966A25E6E2DE00DB1F64 /* SettingsVC.swift */ = {isa = PBXFileReference; fileEncoding = 4; lastKnownFileType = sourcecode.swift; path = SettingsVC.swift; sourceTree = "<group>"; };
		8B26966D25E6E50E00DB1F64 /* ProfileVC.swift */ = {isa = PBXFileReference; fileEncoding = 4; lastKnownFileType = sourcecode.swift; path = ProfileVC.swift; sourceTree = "<group>"; };
		8B26968F25E72F3200DB1F64 /* ExerciseHistoryVC.swift */ = {isa = PBXFileReference; lastKnownFileType = sourcecode.swift; path = ExerciseHistoryVC.swift; sourceTree = "<group>"; };
		8B26969325E7338900DB1F64 /* HistoryContainerTVCell.swift */ = {isa = PBXFileReference; lastKnownFileType = sourcecode.swift; path = HistoryContainerTVCell.swift; sourceTree = "<group>"; };
		8B26969725E733A400DB1F64 /* HistoryTVCell.swift */ = {isa = PBXFileReference; lastKnownFileType = sourcecode.swift; path = HistoryTVCell.swift; sourceTree = "<group>"; };
		8B26969A25E7485E00DB1F64 /* HeaderCell.swift */ = {isa = PBXFileReference; fileEncoding = 4; lastKnownFileType = sourcecode.swift; path = HeaderCell.swift; sourceTree = "<group>"; };
		8B26969B25E7485E00DB1F64 /* HeaderCell.xib */ = {isa = PBXFileReference; fileEncoding = 4; lastKnownFileType = file.xib; path = HeaderCell.xib; sourceTree = "<group>"; };
		8B26970025E7D36000DB1F64 /* HistoryModel.swift */ = {isa = PBXFileReference; lastKnownFileType = sourcecode.swift; path = HistoryModel.swift; sourceTree = "<group>"; };
		8B524F3B25E5A03B008E313C /* ExerciseApp.app */ = {isa = PBXFileReference; explicitFileType = wrapper.application; includeInIndex = 0; path = ExerciseApp.app; sourceTree = BUILT_PRODUCTS_DIR; };
		8B524F3E25E5A03B008E313C /* AppDelegate.swift */ = {isa = PBXFileReference; lastKnownFileType = sourcecode.swift; path = AppDelegate.swift; sourceTree = "<group>"; };
		8B524F4025E5A03B008E313C /* SceneDelegate.swift */ = {isa = PBXFileReference; lastKnownFileType = sourcecode.swift; path = SceneDelegate.swift; sourceTree = "<group>"; };
		8B524F4225E5A03B008E313C /* ViewController.swift */ = {isa = PBXFileReference; lastKnownFileType = sourcecode.swift; path = ViewController.swift; sourceTree = "<group>"; };
		8B524F4525E5A03B008E313C /* Base */ = {isa = PBXFileReference; lastKnownFileType = file.storyboard; name = Base; path = Base.lproj/Main.storyboard; sourceTree = "<group>"; };
		8B524F4725E5A04B008E313C /* Assets.xcassets */ = {isa = PBXFileReference; lastKnownFileType = folder.assetcatalog; path = Assets.xcassets; sourceTree = "<group>"; };
		8B524F4A25E5A04B008E313C /* Base */ = {isa = PBXFileReference; lastKnownFileType = file.storyboard; name = Base; path = Base.lproj/LaunchScreen.storyboard; sourceTree = "<group>"; };
		8B524F4C25E5A04B008E313C /* Info.plist */ = {isa = PBXFileReference; lastKnownFileType = text.plist.xml; path = Info.plist; sourceTree = "<group>"; };
		8B524F7825E5A77B008E313C /* Mulish-Light.ttf */ = {isa = PBXFileReference; lastKnownFileType = file; path = "Mulish-Light.ttf"; sourceTree = "<group>"; };
		8B524F7925E5A77B008E313C /* Mulish-Medium.ttf */ = {isa = PBXFileReference; lastKnownFileType = file; path = "Mulish-Medium.ttf"; sourceTree = "<group>"; };
		8B524F7A25E5A77C008E313C /* Mulish-Regular.ttf */ = {isa = PBXFileReference; lastKnownFileType = file; path = "Mulish-Regular.ttf"; sourceTree = "<group>"; };
		8B524F7B25E5A77C008E313C /* Mulish-SemiBold.ttf */ = {isa = PBXFileReference; lastKnownFileType = file; path = "Mulish-SemiBold.ttf"; sourceTree = "<group>"; };
		8B524F7C25E5A77C008E313C /* Mulish-ExtraBold.ttf */ = {isa = PBXFileReference; lastKnownFileType = file; path = "Mulish-ExtraBold.ttf"; sourceTree = "<group>"; };
		8B524F7D25E5A77C008E313C /* Mulish-Bold.ttf */ = {isa = PBXFileReference; lastKnownFileType = file; path = "Mulish-Bold.ttf"; sourceTree = "<group>"; };
		8B524F8525E5A79F008E313C /* ExerciseApp.entitlements */ = {isa = PBXFileReference; lastKnownFileType = text.plist.entitlements; path = ExerciseApp.entitlements; sourceTree = "<group>"; };
		8B524FE825E5B16D008E313C /* MainNav.swift */ = {isa = PBXFileReference; fileEncoding = 4; lastKnownFileType = sourcecode.swift; path = MainNav.swift; sourceTree = "<group>"; };
		8B524FE925E5B16D008E313C /* BaseNavVC.swift */ = {isa = PBXFileReference; fileEncoding = 4; lastKnownFileType = sourcecode.swift; path = BaseNavVC.swift; sourceTree = "<group>"; };
		8B524FEE25E5B185008E313C /* EquipmentModel.swift */ = {isa = PBXFileReference; fileEncoding = 4; lastKnownFileType = sourcecode.swift; path = EquipmentModel.swift; sourceTree = "<group>"; };
		8B524FEF25E5B185008E313C /* Exercise.swift */ = {isa = PBXFileReference; fileEncoding = 4; lastKnownFileType = sourcecode.swift; path = Exercise.swift; sourceTree = "<group>"; };
		8B524FF025E5B185008E313C /* NoteModel.swift */ = {isa = PBXFileReference; fileEncoding = 4; lastKnownFileType = sourcecode.swift; path = NoteModel.swift; sourceTree = "<group>"; };
		8B524FF125E5B185008E313C /* ProfileModel.swift */ = {isa = PBXFileReference; fileEncoding = 4; lastKnownFileType = sourcecode.swift; path = ProfileModel.swift; sourceTree = "<group>"; };
		8B524FF225E5B185008E313C /* SetsModel.swift */ = {isa = PBXFileReference; fileEncoding = 4; lastKnownFileType = sourcecode.swift; path = SetsModel.swift; sourceTree = "<group>"; };
		8B524FF325E5B185008E313C /* TrainerModel.swift */ = {isa = PBXFileReference; fileEncoding = 4; lastKnownFileType = sourcecode.swift; path = TrainerModel.swift; sourceTree = "<group>"; };
		8B524FF425E5B185008E313C /* UserInfo.swift */ = {isa = PBXFileReference; fileEncoding = 4; lastKnownFileType = sourcecode.swift; path = UserInfo.swift; sourceTree = "<group>"; };
		8B524FF525E5B185008E313C /* WorkoutModel.swift */ = {isa = PBXFileReference; fileEncoding = 4; lastKnownFileType = sourcecode.swift; path = WorkoutModel.swift; sourceTree = "<group>"; };
		8B52500025E5B18E008E313C /* APIRouter.swift */ = {isa = PBXFileReference; fileEncoding = 4; lastKnownFileType = sourcecode.swift; path = APIRouter.swift; sourceTree = "<group>"; };
		8B52500125E5B18E008E313C /* ApiService.swift */ = {isa = PBXFileReference; fileEncoding = 4; lastKnownFileType = sourcecode.swift; path = ApiService.swift; sourceTree = "<group>"; };
		8B52500625E5B1B9008E313C /* Constants.swift */ = {isa = PBXFileReference; fileEncoding = 4; lastKnownFileType = sourcecode.swift; path = Constants.swift; sourceTree = "<group>"; };
		8B52500725E5B1B9008E313C /* Extension+UITableView.swift */ = {isa = PBXFileReference; fileEncoding = 4; lastKnownFileType = sourcecode.swift; path = "Extension+UITableView.swift"; sourceTree = "<group>"; };
		8B52500825E5B1B9008E313C /* Extension+UITextField.swift */ = {isa = PBXFileReference; fileEncoding = 4; lastKnownFileType = sourcecode.swift; path = "Extension+UITextField.swift"; sourceTree = "<group>"; };
		8B52500925E5B1B9008E313C /* extension+viewcontroller.swift */ = {isa = PBXFileReference; fileEncoding = 4; lastKnownFileType = sourcecode.swift; path = "extension+viewcontroller.swift"; sourceTree = "<group>"; };
/* End PBXFileReference section */

/* Begin PBXFrameworksBuildPhase section */
		8B524F3825E5A03B008E313C /* Frameworks */ = {
			isa = PBXFrameworksBuildPhase;
			buildActionMask = 2147483647;
			files = (
				314C8C7AA4D41AF579496DB9 /* Pods_ExerciseApp.framework in Frameworks */,
			);
			runOnlyForDeploymentPostprocessing = 0;
		};
/* End PBXFrameworksBuildPhase section */

/* Begin PBXGroup section */
		8B26964025E5CED200DB1F64 /* Auth */ = {
			isa = PBXGroup;
			children = (
				8B26964125E5CED200DB1F64 /* SigninVC.swift */,
				8B26964225E5CED200DB1F64 /* SignupAlertVC.swift */,
			);
			path = Auth;
			sourceTree = "<group>";
		};
		8B26964D25E5E45B00DB1F64 /* Home */ = {
			isa = PBXGroup;
			children = (
				8B26966D25E6E50E00DB1F64 /* ProfileVC.swift */,
				8B26966A25E6E2DE00DB1F64 /* SettingsVC.swift */,
				8B26964F25E5E48D00DB1F64 /* HomeVC.swift */,
				8B26965225E5E4DF00DB1F64 /* AddRepsVC.swift */,
				8B26968F25E72F3200DB1F64 /* ExerciseHistoryVC.swift */,
			);
			path = Home;
			sourceTree = "<group>";
		};
		8B26965525E5EF7B00DB1F64 /* View */ = {
			isa = PBXGroup;
			children = (
				8B26969225E7334800DB1F64 /* TVCell */,
				8B26965E25E699B700DB1F64 /* iOSDropDown.swift */,
				8B26965B25E5F11700DB1F64 /* DropShadowView.swift */,
				8B26965625E5EF8100DB1F64 /* CVCell */,
			);
			path = View;
			sourceTree = "<group>";
		};
		8B26965625E5EF8100DB1F64 /* CVCell */ = {
			isa = PBXGroup;
			children = (
				8B26965725E5EFA700DB1F64 /* ExerciseCVCell.swift */,
			);
			path = CVCell;
			sourceTree = "<group>";
		};
		8B26966225E6CE5C00DB1F64 /* Utils */ = {
			isa = PBXGroup;
			children = (
				8B26966725E6CE6F00DB1F64 /* HorizontalPaginationManager.swift */,
			);
			path = Utils;
			sourceTree = "<group>";
		};
		8B26969225E7334800DB1F64 /* TVCell */ = {
			isa = PBXGroup;
			children = (
				8B26969A25E7485E00DB1F64 /* HeaderCell.swift */,
				8B26969B25E7485E00DB1F64 /* HeaderCell.xib */,
				8B26969325E7338900DB1F64 /* HistoryContainerTVCell.swift */,
				8B26969725E733A400DB1F64 /* HistoryTVCell.swift */,
			);
			path = TVCell;
			sourceTree = "<group>";
		};
		8B524F3225E5A03B008E313C = {
			isa = PBXGroup;
			children = (
				8B524F3D25E5A03B008E313C /* ExerciseApp */,
				8B524F3C25E5A03B008E313C /* Products */,
				E4D0A8C1A196E7DC1B316E2C /* Pods */,
				ED101876CCD7EC6F026BFF4F /* Frameworks */,
			);
			sourceTree = "<group>";
		};
		8B524F3C25E5A03B008E313C /* Products */ = {
			isa = PBXGroup;
			children = (
				8B524F3B25E5A03B008E313C /* ExerciseApp.app */,
			);
			name = Products;
			sourceTree = "<group>";
		};
		8B524F3D25E5A03B008E313C /* ExerciseApp */ = {
			isa = PBXGroup;
			children = (
				8B26966225E6CE5C00DB1F64 /* Utils */,
				8B26965525E5EF7B00DB1F64 /* View */,
				8B52500525E5B1B9008E313C /* Extensions */,
				8B524FFF25E5B18E008E313C /* API */,
				8B524FED25E5B185008E313C /* Model */,
				8B524FE625E5B124008E313C /* ViewController */,
				8B524F8625E5A9CE008E313C /* Apps */,
				8B524F8525E5A79F008E313C /* ExerciseApp.entitlements */,
				8B524F7325E5A6CF008E313C /* Resource */,
				8B524F4225E5A03B008E313C /* ViewController.swift */,
				8B524F4C25E5A04B008E313C /* Info.plist */,
			);
			path = ExerciseApp;
			sourceTree = "<group>";
		};
		8B524F7325E5A6CF008E313C /* Resource */ = {
			isa = PBXGroup;
			children = (
				8B524F7725E5A6F8008E313C /* Storyboard */,
				8B524F7625E5A6EF008E313C /* Images */,
				8B524F7525E5A6E4008E313C /* Fonts */,
			);
			path = Resource;
			sourceTree = "<group>";
		};
		8B524F7525E5A6E4008E313C /* Fonts */ = {
			isa = PBXGroup;
			children = (
				8B524F7D25E5A77C008E313C /* Mulish-Bold.ttf */,
				8B524F7C25E5A77C008E313C /* Mulish-ExtraBold.ttf */,
				8B524F7825E5A77B008E313C /* Mulish-Light.ttf */,
				8B524F7925E5A77B008E313C /* Mulish-Medium.ttf */,
				8B524F7A25E5A77C008E313C /* Mulish-Regular.ttf */,
				8B524F7B25E5A77C008E313C /* Mulish-SemiBold.ttf */,
			);
			path = Fonts;
			sourceTree = "<group>";
		};
		8B524F7625E5A6EF008E313C /* Images */ = {
			isa = PBXGroup;
			children = (
				8B524F4725E5A04B008E313C /* Assets.xcassets */,
			);
			path = Images;
			sourceTree = "<group>";
		};
		8B524F7725E5A6F8008E313C /* Storyboard */ = {
			isa = PBXGroup;
			children = (
				8B524F4425E5A03B008E313C /* Main.storyboard */,
				8B524F4925E5A04B008E313C /* LaunchScreen.storyboard */,
			);
			path = Storyboard;
			sourceTree = "<group>";
		};
		8B524F8625E5A9CE008E313C /* Apps */ = {
			isa = PBXGroup;
			children = (
				8B524F3E25E5A03B008E313C /* AppDelegate.swift */,
				8B524F4025E5A03B008E313C /* SceneDelegate.swift */,
			);
			path = Apps;
			sourceTree = "<group>";
		};
		8B524FE625E5B124008E313C /* ViewController */ = {
			isa = PBXGroup;
			children = (
				8B26964D25E5E45B00DB1F64 /* Home */,
				8B26964025E5CED200DB1F64 /* Auth */,
				8B524FE725E5B14F008E313C /* Nav */,
			);
			path = ViewController;
			sourceTree = "<group>";
		};
		8B524FE725E5B14F008E313C /* Nav */ = {
			isa = PBXGroup;
			children = (
				8B524FE925E5B16D008E313C /* BaseNavVC.swift */,
				8B524FE825E5B16D008E313C /* MainNav.swift */,
			);
			path = Nav;
			sourceTree = "<group>";
		};
		8B524FED25E5B185008E313C /* Model */ = {
			isa = PBXGroup;
			children = (
				8B524FEE25E5B185008E313C /* EquipmentModel.swift */,
				8B26970025E7D36000DB1F64 /* HistoryModel.swift */,
				8B524FEF25E5B185008E313C /* Exercise.swift */,
				8B524FF025E5B185008E313C /* NoteModel.swift */,
				8B524FF125E5B185008E313C /* ProfileModel.swift */,
				8B524FF225E5B185008E313C /* SetsModel.swift */,
				8B524FF325E5B185008E313C /* TrainerModel.swift */,
				8B524FF425E5B185008E313C /* UserInfo.swift */,
				8B524FF525E5B185008E313C /* WorkoutModel.swift */,
			);
			path = Model;
			sourceTree = "<group>";
		};
		8B524FFF25E5B18E008E313C /* API */ = {
			isa = PBXGroup;
			children = (
				8B52500025E5B18E008E313C /* APIRouter.swift */,
				8B52500125E5B18E008E313C /* ApiService.swift */,
			);
			path = API;
			sourceTree = "<group>";
		};
		8B52500525E5B1B9008E313C /* Extensions */ = {
			isa = PBXGroup;
			children = (
				8B52500625E5B1B9008E313C /* Constants.swift */,
				8B52500725E5B1B9008E313C /* Extension+UITableView.swift */,
				8B52500825E5B1B9008E313C /* Extension+UITextField.swift */,
				8B52500925E5B1B9008E313C /* extension+viewcontroller.swift */,
			);
			path = Extensions;
			sourceTree = "<group>";
		};
		E4D0A8C1A196E7DC1B316E2C /* Pods */ = {
			isa = PBXGroup;
			children = (
				47D26C86DC54BEB1AF68E75E /* Pods-ExerciseApp.debug.xcconfig */,
				899D5987FDF2FA9A92AF88BE /* Pods-ExerciseApp.release.xcconfig */,
			);
			path = Pods;
			sourceTree = "<group>";
		};
		ED101876CCD7EC6F026BFF4F /* Frameworks */ = {
			isa = PBXGroup;
			children = (
				81B54F601E52649F4C85C6F1 /* Pods_ExerciseApp.framework */,
			);
			name = Frameworks;
			sourceTree = "<group>";
		};
/* End PBXGroup section */

/* Begin PBXNativeTarget section */
		8B524F3A25E5A03B008E313C /* ExerciseApp */ = {
			isa = PBXNativeTarget;
			buildConfigurationList = 8B524F4F25E5A04B008E313C /* Build configuration list for PBXNativeTarget "ExerciseApp" */;
			buildPhases = (
				C4DFAC8F905FBDC019DA9640 /* [CP] Check Pods Manifest.lock */,
				8B524F3725E5A03B008E313C /* Sources */,
				8B524F3825E5A03B008E313C /* Frameworks */,
				8B524F3925E5A03B008E313C /* Resources */,
				913E6647817529EFF837956D /* [CP] Embed Pods Frameworks */,
			);
			buildRules = (
			);
			dependencies = (
			);
			name = ExerciseApp;
			productName = ExerciseApp;
			productReference = 8B524F3B25E5A03B008E313C /* ExerciseApp.app */;
			productType = "com.apple.product-type.application";
		};
/* End PBXNativeTarget section */

/* Begin PBXProject section */
		8B524F3325E5A03B008E313C /* Project object */ = {
			isa = PBXProject;
			attributes = {
				LastSwiftUpdateCheck = 1240;
				LastUpgradeCheck = 1240;
				TargetAttributes = {
					8B524F3A25E5A03B008E313C = {
						CreatedOnToolsVersion = 12.4;
					};
				};
			};
			buildConfigurationList = 8B524F3625E5A03B008E313C /* Build configuration list for PBXProject "ExerciseApp" */;
			compatibilityVersion = "Xcode 9.3";
			developmentRegion = en;
			hasScannedForEncodings = 0;
			knownRegions = (
				en,
				Base,
			);
			mainGroup = 8B524F3225E5A03B008E313C;
			productRefGroup = 8B524F3C25E5A03B008E313C /* Products */;
			projectDirPath = "";
			projectRoot = "";
			targets = (
				8B524F3A25E5A03B008E313C /* ExerciseApp */,
			);
		};
/* End PBXProject section */

/* Begin PBXResourcesBuildPhase section */
		8B524F3925E5A03B008E313C /* Resources */ = {
			isa = PBXResourcesBuildPhase;
			buildActionMask = 2147483647;
			files = (
				8B26969D25E7485E00DB1F64 /* HeaderCell.xib in Resources */,
				8B524F8325E5A77C008E313C /* Mulish-Bold.ttf in Resources */,
				8B524F4B25E5A04B008E313C /* LaunchScreen.storyboard in Resources */,
				8B524F7F25E5A77C008E313C /* Mulish-Medium.ttf in Resources */,
				8B524F8125E5A77C008E313C /* Mulish-SemiBold.ttf in Resources */,
				8B524F8225E5A77C008E313C /* Mulish-ExtraBold.ttf in Resources */,
				8B524F8025E5A77C008E313C /* Mulish-Regular.ttf in Resources */,
				8B524F4625E5A03B008E313C /* Main.storyboard in Resources */,
				8B524F8A25E5AC20008E313C /* Assets.xcassets in Resources */,
				8B524F7E25E5A77C008E313C /* Mulish-Light.ttf in Resources */,
			);
			runOnlyForDeploymentPostprocessing = 0;
		};
/* End PBXResourcesBuildPhase section */

/* Begin PBXShellScriptBuildPhase section */
		913E6647817529EFF837956D /* [CP] Embed Pods Frameworks */ = {
			isa = PBXShellScriptBuildPhase;
			buildActionMask = 2147483647;
			files = (
			);
			inputFileListPaths = (
				"${PODS_ROOT}/Target Support Files/Pods-ExerciseApp/Pods-ExerciseApp-frameworks-${CONFIGURATION}-input-files.xcfilelist",
			);
			name = "[CP] Embed Pods Frameworks";
			outputFileListPaths = (
				"${PODS_ROOT}/Target Support Files/Pods-ExerciseApp/Pods-ExerciseApp-frameworks-${CONFIGURATION}-output-files.xcfilelist",
			);
			runOnlyForDeploymentPostprocessing = 0;
			shellPath = /bin/sh;
			shellScript = "\"${PODS_ROOT}/Target Support Files/Pods-ExerciseApp/Pods-ExerciseApp-frameworks.sh\"\n";
			showEnvVarsInLog = 0;
		};
		C4DFAC8F905FBDC019DA9640 /* [CP] Check Pods Manifest.lock */ = {
			isa = PBXShellScriptBuildPhase;
			buildActionMask = 2147483647;
			files = (
			);
			inputFileListPaths = (
			);
			inputPaths = (
				"${PODS_PODFILE_DIR_PATH}/Podfile.lock",
				"${PODS_ROOT}/Manifest.lock",
			);
			name = "[CP] Check Pods Manifest.lock";
			outputFileListPaths = (
			);
			outputPaths = (
				"$(DERIVED_FILE_DIR)/Pods-ExerciseApp-checkManifestLockResult.txt",
			);
			runOnlyForDeploymentPostprocessing = 0;
			shellPath = /bin/sh;
			shellScript = "diff \"${PODS_PODFILE_DIR_PATH}/Podfile.lock\" \"${PODS_ROOT}/Manifest.lock\" > /dev/null\nif [ $? != 0 ] ; then\n    # print error to STDERR\n    echo \"error: The sandbox is not in sync with the Podfile.lock. Run 'pod install' or update your CocoaPods installation.\" >&2\n    exit 1\nfi\n# This output is used by Xcode 'outputs' to avoid re-running this script phase.\necho \"SUCCESS\" > \"${SCRIPT_OUTPUT_FILE_0}\"\n";
			showEnvVarsInLog = 0;
		};
/* End PBXShellScriptBuildPhase section */

/* Begin PBXSourcesBuildPhase section */
		8B524F3725E5A03B008E313C /* Sources */ = {
			isa = PBXSourcesBuildPhase;
			buildActionMask = 2147483647;
			files = (
				8B26965C25E5F11700DB1F64 /* DropShadowView.swift in Sources */,
				8B52500B25E5B1B9008E313C /* Extension+UITableView.swift in Sources */,
				8B52500C25E5B1B9008E313C /* Extension+UITextField.swift in Sources */,
				8B26966E25E6E50E00DB1F64 /* ProfileVC.swift in Sources */,
				8B26964325E5CED200DB1F64 /* SigninVC.swift in Sources */,
				8B524FF925E5B185008E313C /* ProfileModel.swift in Sources */,
				8B524FF625E5B185008E313C /* EquipmentModel.swift in Sources */,
				8B52500D25E5B1B9008E313C /* extension+viewcontroller.swift in Sources */,
				8B26966825E6CE6F00DB1F64 /* HorizontalPaginationManager.swift in Sources */,
				8B26965325E5E4DF00DB1F64 /* AddRepsVC.swift in Sources */,
				8B26969825E733A400DB1F64 /* HistoryTVCell.swift in Sources */,
				8B26965F25E699B700DB1F64 /* iOSDropDown.swift in Sources */,
				8B26970125E7D36000DB1F64 /* HistoryModel.swift in Sources */,
				8B26969025E72F3200DB1F64 /* ExerciseHistoryVC.swift in Sources */,
				8B524FFA25E5B185008E313C /* SetsModel.swift in Sources */,
				8B26965825E5EFA700DB1F64 /* ExerciseCVCell.swift in Sources */,
				8B524FF825E5B185008E313C /* NoteModel.swift in Sources */,
				8B26966B25E6E2DE00DB1F64 /* SettingsVC.swift in Sources */,
				8B524FFD25E5B185008E313C /* WorkoutModel.swift in Sources */,
				8B26965025E5E48D00DB1F64 /* HomeVC.swift in Sources */,
				8B524FFC25E5B185008E313C /* UserInfo.swift in Sources */,
				8B524F4325E5A03B008E313C /* ViewController.swift in Sources */,
				8B52500A25E5B1B9008E313C /* Constants.swift in Sources */,
				8B52500225E5B18E008E313C /* APIRouter.swift in Sources */,
				8B524F3F25E5A03B008E313C /* AppDelegate.swift in Sources */,
				8B26969425E7338900DB1F64 /* HistoryContainerTVCell.swift in Sources */,
				8B524FEA25E5B16D008E313C /* MainNav.swift in Sources */,
				8B26964425E5CED200DB1F64 /* SignupAlertVC.swift in Sources */,
				8B524FFB25E5B185008E313C /* TrainerModel.swift in Sources */,
				8B52500325E5B18E008E313C /* ApiService.swift in Sources */,
				8B524FEB25E5B16D008E313C /* BaseNavVC.swift in Sources */,
				8B524FF725E5B185008E313C /* Exercise.swift in Sources */,
				8B26969C25E7485E00DB1F64 /* HeaderCell.swift in Sources */,
				8B524F4125E5A03B008E313C /* SceneDelegate.swift in Sources */,
			);
			runOnlyForDeploymentPostprocessing = 0;
		};
/* End PBXSourcesBuildPhase section */

/* Begin PBXVariantGroup section */
		8B524F4425E5A03B008E313C /* Main.storyboard */ = {
			isa = PBXVariantGroup;
			children = (
				8B524F4525E5A03B008E313C /* Base */,
			);
			name = Main.storyboard;
			sourceTree = "<group>";
		};
		8B524F4925E5A04B008E313C /* LaunchScreen.storyboard */ = {
			isa = PBXVariantGroup;
			children = (
				8B524F4A25E5A04B008E313C /* Base */,
			);
			name = LaunchScreen.storyboard;
			sourceTree = "<group>";
		};
/* End PBXVariantGroup section */

/* Begin XCBuildConfiguration section */
		8B524F4D25E5A04B008E313C /* Debug */ = {
			isa = XCBuildConfiguration;
			buildSettings = {
				ALWAYS_SEARCH_USER_PATHS = NO;
				CLANG_ANALYZER_NONNULL = YES;
				CLANG_ANALYZER_NUMBER_OBJECT_CONVERSION = YES_AGGRESSIVE;
				CLANG_CXX_LANGUAGE_STANDARD = "gnu++14";
				CLANG_CXX_LIBRARY = "libc++";
				CLANG_ENABLE_MODULES = YES;
				CLANG_ENABLE_OBJC_ARC = YES;
				CLANG_ENABLE_OBJC_WEAK = YES;
				CLANG_WARN_BLOCK_CAPTURE_AUTORELEASING = YES;
				CLANG_WARN_BOOL_CONVERSION = YES;
				CLANG_WARN_COMMA = YES;
				CLANG_WARN_CONSTANT_CONVERSION = YES;
				CLANG_WARN_DEPRECATED_OBJC_IMPLEMENTATIONS = YES;
				CLANG_WARN_DIRECT_OBJC_ISA_USAGE = YES_ERROR;
				CLANG_WARN_DOCUMENTATION_COMMENTS = YES;
				CLANG_WARN_EMPTY_BODY = YES;
				CLANG_WARN_ENUM_CONVERSION = YES;
				CLANG_WARN_INFINITE_RECURSION = YES;
				CLANG_WARN_INT_CONVERSION = YES;
				CLANG_WARN_NON_LITERAL_NULL_CONVERSION = YES;
				CLANG_WARN_OBJC_IMPLICIT_RETAIN_SELF = YES;
				CLANG_WARN_OBJC_LITERAL_CONVERSION = YES;
				CLANG_WARN_OBJC_ROOT_CLASS = YES_ERROR;
				CLANG_WARN_QUOTED_INCLUDE_IN_FRAMEWORK_HEADER = YES;
				CLANG_WARN_RANGE_LOOP_ANALYSIS = YES;
				CLANG_WARN_STRICT_PROTOTYPES = YES;
				CLANG_WARN_SUSPICIOUS_MOVE = YES;
				CLANG_WARN_UNGUARDED_AVAILABILITY = YES_AGGRESSIVE;
				CLANG_WARN_UNREACHABLE_CODE = YES;
				CLANG_WARN__DUPLICATE_METHOD_MATCH = YES;
				COPY_PHASE_STRIP = NO;
				DEBUG_INFORMATION_FORMAT = dwarf;
				ENABLE_STRICT_OBJC_MSGSEND = YES;
				ENABLE_TESTABILITY = YES;
				GCC_C_LANGUAGE_STANDARD = gnu11;
				GCC_DYNAMIC_NO_PIC = NO;
				GCC_NO_COMMON_BLOCKS = YES;
				GCC_OPTIMIZATION_LEVEL = 0;
				GCC_PREPROCESSOR_DEFINITIONS = (
					"DEBUG=1",
					"$(inherited)",
				);
				GCC_WARN_64_TO_32_BIT_CONVERSION = YES;
				GCC_WARN_ABOUT_RETURN_TYPE = YES_ERROR;
				GCC_WARN_UNDECLARED_SELECTOR = YES;
				GCC_WARN_UNINITIALIZED_AUTOS = YES_AGGRESSIVE;
				GCC_WARN_UNUSED_FUNCTION = YES;
				GCC_WARN_UNUSED_VARIABLE = YES;
				IPHONEOS_DEPLOYMENT_TARGET = 14.4;
				MTL_ENABLE_DEBUG_INFO = INCLUDE_SOURCE;
				MTL_FAST_MATH = YES;
				ONLY_ACTIVE_ARCH = YES;
				SDKROOT = iphoneos;
				SWIFT_ACTIVE_COMPILATION_CONDITIONS = DEBUG;
				SWIFT_OPTIMIZATION_LEVEL = "-Onone";
			};
			name = Debug;
		};
		8B524F4E25E5A04B008E313C /* Release */ = {
			isa = XCBuildConfiguration;
			buildSettings = {
				ALWAYS_SEARCH_USER_PATHS = NO;
				CLANG_ANALYZER_NONNULL = YES;
				CLANG_ANALYZER_NUMBER_OBJECT_CONVERSION = YES_AGGRESSIVE;
				CLANG_CXX_LANGUAGE_STANDARD = "gnu++14";
				CLANG_CXX_LIBRARY = "libc++";
				CLANG_ENABLE_MODULES = YES;
				CLANG_ENABLE_OBJC_ARC = YES;
				CLANG_ENABLE_OBJC_WEAK = YES;
				CLANG_WARN_BLOCK_CAPTURE_AUTORELEASING = YES;
				CLANG_WARN_BOOL_CONVERSION = YES;
				CLANG_WARN_COMMA = YES;
				CLANG_WARN_CONSTANT_CONVERSION = YES;
				CLANG_WARN_DEPRECATED_OBJC_IMPLEMENTATIONS = YES;
				CLANG_WARN_DIRECT_OBJC_ISA_USAGE = YES_ERROR;
				CLANG_WARN_DOCUMENTATION_COMMENTS = YES;
				CLANG_WARN_EMPTY_BODY = YES;
				CLANG_WARN_ENUM_CONVERSION = YES;
				CLANG_WARN_INFINITE_RECURSION = YES;
				CLANG_WARN_INT_CONVERSION = YES;
				CLANG_WARN_NON_LITERAL_NULL_CONVERSION = YES;
				CLANG_WARN_OBJC_IMPLICIT_RETAIN_SELF = YES;
				CLANG_WARN_OBJC_LITERAL_CONVERSION = YES;
				CLANG_WARN_OBJC_ROOT_CLASS = YES_ERROR;
				CLANG_WARN_QUOTED_INCLUDE_IN_FRAMEWORK_HEADER = YES;
				CLANG_WARN_RANGE_LOOP_ANALYSIS = YES;
				CLANG_WARN_STRICT_PROTOTYPES = YES;
				CLANG_WARN_SUSPICIOUS_MOVE = YES;
				CLANG_WARN_UNGUARDED_AVAILABILITY = YES_AGGRESSIVE;
				CLANG_WARN_UNREACHABLE_CODE = YES;
				CLANG_WARN__DUPLICATE_METHOD_MATCH = YES;
				COPY_PHASE_STRIP = NO;
				DEBUG_INFORMATION_FORMAT = "dwarf-with-dsym";
				ENABLE_NS_ASSERTIONS = NO;
				ENABLE_STRICT_OBJC_MSGSEND = YES;
				GCC_C_LANGUAGE_STANDARD = gnu11;
				GCC_NO_COMMON_BLOCKS = YES;
				GCC_WARN_64_TO_32_BIT_CONVERSION = YES;
				GCC_WARN_ABOUT_RETURN_TYPE = YES_ERROR;
				GCC_WARN_UNDECLARED_SELECTOR = YES;
				GCC_WARN_UNINITIALIZED_AUTOS = YES_AGGRESSIVE;
				GCC_WARN_UNUSED_FUNCTION = YES;
				GCC_WARN_UNUSED_VARIABLE = YES;
				IPHONEOS_DEPLOYMENT_TARGET = 14.4;
				MTL_ENABLE_DEBUG_INFO = NO;
				MTL_FAST_MATH = YES;
				SDKROOT = iphoneos;
				SWIFT_COMPILATION_MODE = wholemodule;
				SWIFT_OPTIMIZATION_LEVEL = "-O";
				VALIDATE_PRODUCT = YES;
			};
			name = Release;
		};
		8B524F5025E5A04B008E313C /* Debug */ = {
			isa = XCBuildConfiguration;
			baseConfigurationReference = 47D26C86DC54BEB1AF68E75E /* Pods-ExerciseApp.debug.xcconfig */;
			buildSettings = {
				ASSETCATALOG_COMPILER_APPICON_NAME = AppIcon;
				ASSETCATALOG_COMPILER_GLOBAL_ACCENT_COLOR_NAME = AccentColor;
				CODE_SIGN_ENTITLEMENTS = ExerciseApp/ExerciseApp.entitlements;
				CODE_SIGN_STYLE = Automatic;
				DEVELOPMENT_TEAM = 9K65WY5EHC;
				INFOPLIST_FILE = ExerciseApp/Info.plist;
				LD_RUNPATH_SEARCH_PATHS = (
					"$(inherited)",
					"@executable_path/Frameworks",
				);
				PRODUCT_BUNDLE_IDENTIFIER = com.humblerings.falsegrip;
				PRODUCT_NAME = "$(TARGET_NAME)";
				SWIFT_VERSION = 5.0;
				TARGETED_DEVICE_FAMILY = "1,2";
			};
			name = Debug;
		};
		8B524F5125E5A04B008E313C /* Release */ = {
			isa = XCBuildConfiguration;
			baseConfigurationReference = 899D5987FDF2FA9A92AF88BE /* Pods-ExerciseApp.release.xcconfig */;
			buildSettings = {
				ASSETCATALOG_COMPILER_APPICON_NAME = AppIcon;
				ASSETCATALOG_COMPILER_GLOBAL_ACCENT_COLOR_NAME = AccentColor;
				CODE_SIGN_ENTITLEMENTS = ExerciseApp/ExerciseApp.entitlements;
				CODE_SIGN_STYLE = Automatic;
				DEVELOPMENT_TEAM = 9K65WY5EHC;
				INFOPLIST_FILE = ExerciseApp/Info.plist;
				LD_RUNPATH_SEARCH_PATHS = (
					"$(inherited)",
					"@executable_path/Frameworks",
				);
				PRODUCT_BUNDLE_IDENTIFIER = com.humblerings.falsegrip;
				PRODUCT_NAME = "$(TARGET_NAME)";
				SWIFT_VERSION = 5.0;
				TARGETED_DEVICE_FAMILY = "1,2";
			};
			name = Release;
		};
/* End XCBuildConfiguration section */

/* Begin XCConfigurationList section */
		8B524F3625E5A03B008E313C /* Build configuration list for PBXProject "ExerciseApp" */ = {
			isa = XCConfigurationList;
			buildConfigurations = (
				8B524F4D25E5A04B008E313C /* Debug */,
				8B524F4E25E5A04B008E313C /* Release */,
			);
			defaultConfigurationIsVisible = 0;
			defaultConfigurationName = Release;
		};
		8B524F4F25E5A04B008E313C /* Build configuration list for PBXNativeTarget "ExerciseApp" */ = {
			isa = XCConfigurationList;
			buildConfigurations = (
				8B524F5025E5A04B008E313C /* Debug */,
				8B524F5125E5A04B008E313C /* Release */,
			);
			defaultConfigurationIsVisible = 0;
			defaultConfigurationName = Release;
		};
/* End XCConfigurationList section */
	};
	rootObject = 8B524F3325E5A03B008E313C /* Project object */;
}
